{
  "object": {
    "pins": [
      {
        "package": "DefaultNetworkOperationPackage",
        "repositoryURL": "https://github.com/batuhanbaran/DefaultNetworkOperationPackage",
        "state": {
          "branch": "main",
          "revision": "536e61ec6a98d854b3372e2917e8d87710297020",
          "version": null
        }
      },
      {
        "package": "Kingfisher",
        "repositoryURL": "https://github.com/onevcat/Kingfisher.git",
        "state": {
          "branch": null,
          "revision": "630cc7e82f2f0b4c6c3950e78c4b8b559008a023",
          "version": "7.1.0"
        }
      },
      {
        "package": "Lottie",
        "repositoryURL": "https://github.com/airbnb/lottie-ios.git",
        "state": {
          "branch": null,
          "revision": "79a0b70547f7c40ea54c67487f935fa2f2eaaadc",
          "version": "3.2.3"
        }
      }
    ]
  },
  "version": 1
}
